[[package]]
name = "antlr4-python3-runtime"
version = "4.10"
description = "ANTLR 4.10 runtime for Python 2.7.12"
category = "main"
optional = false
python-versions = "*"

[metadata]
lock-version = "1.1"
python-versions = "^3.8"
content-hash = "8c4f681c80afe16b92ec99895821b4b94c99bae3ad90ed869be87ce2b9ee2bd7"

[metadata.files]
antlr4-python3-runtime = []
